
Microsoft Visual Studio Solution File, Format Version 12.00
# Visual Studio 14
VisualStudioVersion = 14.0.24720.0
MinimumVisualStudioVersion = 10.0.40219.1
Project("{FAE04EC0-301F-11D3-BF4B-00C04F79EFBC}") = "KancolleMacro", "KancolleMacro.csproj", "{EC2A3594-89D1-4337-B8C8-B353A8D88CDE}"
EndProject
Global
	GlobalSection(SolutionConfigurationPlatforms) = preSolution
		Debug|Any CPU = Debug|Any CPU
		Debug|Mixed Platforms = Debug|Mixed Platforms
		Debug|x86 = Debug|x86
		Release|Any CPU = Release|Any CPU
		Release|Mixed Platforms = Release|Mixed Platforms
		Release|x86 = Release|x86
	EndGlobalSection
	GlobalSection(ProjectConfigurationPlatforms) = postSolution
		{EC2A3594-89D1-4337-B8C8-B353A8D88CDE}.Debug|Any CPU.ActiveCfg = Debug|Any CPU
		{EC2A3594-89D1-4337-B8C8-B353A8D88CDE}.Debug|Any CPU.Build.0 = Debug|Any CPU
		{EC2A3594-89D1-4337-B8C8-B353A8D88CDE}.Debug|Mixed Platforms.ActiveCfg = Debug|Any CPU
		{EC2A3594-89D1-4337-B8C8-B353A8D88CDE}.Debug|Mixed Platforms.Build.0 = Debug|Any CPU
		{EC2A3594-89D1-4337-B8C8-B353A8D88CDE}.Debug|x86.ActiveCfg = Debug|Any CPU
		{EC2A3594-89D1-4337-B8C8-B353A8D88CDE}.Release|Any CPU.ActiveCfg = Release|Any CPU
		{EC2A3594-89D1-4337-B8C8-B353A8D88CDE}.Release|Any CPU.Build.0 = Release|Any CPU
		{EC2A3594-89D1-4337-B8C8-B353A8D88CDE}.Release|Mixed Platforms.ActiveCfg = Release|Any CPU
		{EC2A3594-89D1-4337-B8C8-B353A8D88CDE}.Release|Mixed Platforms.Build.0 = Release|Any CPU
		{EC2A3594-89D1-4337-B8C8-B353A8D88CDE}.Release|x86.ActiveCfg = Release|Any CPU
	EndGlobalSection
	GlobalSection(SolutionProperties) = preSolution
		HideSolutionNode = FALSE
	EndGlobalSection
EndGlobal
